
Microsoft Visual Studio Solution File, Format Version 12.00
# Visual Studio Version 17
VisualStudioVersion = 17.2.32616.157
MinimumVisualStudioVersion = 10.0.40219.1
Project("{2150E333-8FDC-42A3-9474-1A3956D46DE8}") = "src", "src", "{2AECF2EE-7EF3-4188-BECD-D21C53F67C97}"
EndProject
Project("{2150E333-8FDC-42A3-9474-1A3956D46DE8}") = "Api", "Api", "{8DE08F29-693D-4545-95CD-A2B9E0F41227}"
EndProject
Project("{2150E333-8FDC-42A3-9474-1A3956D46DE8}") = "Clients", "Clients", "{B284EB77-859C-4339-9635-F64F183C1144}"
EndProject
Project("{2150E333-8FDC-42A3-9474-1A3956D46DE8}") = "Commons", "Commons", "{50D51853-6A5B-4AD4-8FA7-671D5772CDC3}"
EndProject
Project("{2150E333-8FDC-42A3-9474-1A3956D46DE8}") = "Projections", "Projections", "{7BA77D4A-B4DD-42D8-9EF7-95BAD234AC51}"
EndProject
Project("{2150E333-8FDC-42A3-9474-1A3956D46DE8}") = "Infrastructure", "Infrastructure", "{24895307-BD9E-4E72-B29D-54DE05EEC120}"
EndProject
Project("{2150E333-8FDC-42A3-9474-1A3956D46DE8}") = "Core", "Core", "{F96363C6-C5C1-4EE2-821B-665FC6F4E709}"
EndProject
Project("{2150E333-8FDC-42A3-9474-1A3956D46DE8}") = "WebApi", "WebApi", "{D461C9A5-A610-49F8-B057-5188DBE10D48}"
EndProject
Project("{2150E333-8FDC-42A3-9474-1A3956D46DE8}") = "BlazorWeb", "BlazorWeb", "{EC8B35D1-E88D-4561-A7C8-1BB61E1E6B25}"
EndProject
Project("{9A19103F-16F7-4668-BE54-9A1E7A4F7556}") = "BlazorChat.Common", "src\Commons\BlazorChat.Common\BlazorChat.Common\BlazorChat.Common.csproj", "{5685827B-DDA9-4FCF-8524-E90F67929DA5}"
EndProject
Project("{9A19103F-16F7-4668-BE54-9A1E7A4F7556}") = "BlazorChat.Api.Domain", "src\Api\Core\BlazorChat.Api.Domain\BlazorChat.Api.Domain.csproj", "{DF44CA37-AA99-4E9D-A86E-9BCD14060E21}"
EndProject
Project("{9A19103F-16F7-4668-BE54-9A1E7A4F7556}") = "BlazorChat.Api.Application", "src\Api\Core\BlazorChat.Api.Application\BlazorChat.Api.Application.csproj", "{648F2E47-4B0D-4391-9E50-B0A1035D525D}"
EndProject
Project("{9A19103F-16F7-4668-BE54-9A1E7A4F7556}") = "BlazorChat.Api.WebApi", "src\Api\WebApi\BlazorChat.Api.WebApi\BlazorChat.Api.WebApi.csproj", "{66D221CC-CE75-4242-8E0C-227FF49FF3AB}"
EndProject
Project("{9A19103F-16F7-4668-BE54-9A1E7A4F7556}") = "BlazorChat.Api.Infrastructure.Persistence", "src\Api\Infrastructure\BlazorChat.Api.Infrastructure.Persistence\BlazorChat.Api.Infrastructure.Persistence.csproj", "{2AD9ECEA-69B0-4F8B-AA02-B4205D1FBC47}"
EndProject
Project("{9A19103F-16F7-4668-BE54-9A1E7A4F7556}") = "BlazorChat.Projections.FavoriteService", "src\Projections\BlazorChat.Projections.FavoriteService\BlazorChat.Projections.FavoriteService.csproj", "{CE11D149-3940-4E9F-9200-15E6B52DCF14}"
EndProject
Project("{9A19103F-16F7-4668-BE54-9A1E7A4F7556}") = "BlazorChat.Client.Web", "src\Clients\BlazorWeb\BlazorChat.Client.Web\BlazorChat.Client.Web.csproj", "{F0F34ABD-FF06-4912-A4F3-57F59E67FA11}"
EndProject
Project("{9A19103F-16F7-4668-BE54-9A1E7A4F7556}") = "BlazorChat.Projections.VoteService", "src\Projections\BlazorChat.Projections.VoteService\BlazorChat.Projections.VoteService.csproj", "{6AB7BEA3-6C09-4147-AD33-E8E46DE809F6}"
EndProject
Project("{9A19103F-16F7-4668-BE54-9A1E7A4F7556}") = "BlazorChat.Projections.UserService", "src\Projections\BlazorChat.Projections.UserService\BlazorChat.Projections.UserService.csproj", "{DDAF3C89-78BA-4477-AA59-BBC83BB9B5F4}"
EndProject
Global
	GlobalSection(SolutionConfigurationPlatforms) = preSolution
		Debug|Any CPU = Debug|Any CPU
		Release|Any CPU = Release|Any CPU
	EndGlobalSection
	GlobalSection(ProjectConfigurationPlatforms) = postSolution
		{5685827B-DDA9-4FCF-8524-E90F67929DA5}.Debug|Any CPU.ActiveCfg = Debug|Any CPU
		{5685827B-DDA9-4FCF-8524-E90F67929DA5}.Debug|Any CPU.Build.0 = Debug|Any CPU
		{5685827B-DDA9-4FCF-8524-E90F67929DA5}.Release|Any CPU.ActiveCfg = Release|Any CPU
		{5685827B-DDA9-4FCF-8524-E90F67929DA5}.Release|Any CPU.Build.0 = Release|Any CPU
		{DF44CA37-AA99-4E9D-A86E-9BCD14060E21}.Debug|Any CPU.ActiveCfg = Debug|Any CPU
		{DF44CA37-AA99-4E9D-A86E-9BCD14060E21}.Debug|Any CPU.Build.0 = Debug|Any CPU
		{DF44CA37-AA99-4E9D-A86E-9BCD14060E21}.Release|Any CPU.ActiveCfg = Release|Any CPU
		{DF44CA37-AA99-4E9D-A86E-9BCD14060E21}.Release|Any CPU.Build.0 = Release|Any CPU
		{648F2E47-4B0D-4391-9E50-B0A1035D525D}.Debug|Any CPU.ActiveCfg = Debug|Any CPU
		{648F2E47-4B0D-4391-9E50-B0A1035D525D}.Debug|Any CPU.Build.0 = Debug|Any CPU
		{648F2E47-4B0D-4391-9E50-B0A1035D525D}.Release|Any CPU.ActiveCfg = Release|Any CPU
		{648F2E47-4B0D-4391-9E50-B0A1035D525D}.Release|Any CPU.Build.0 = Release|Any CPU
		{66D221CC-CE75-4242-8E0C-227FF49FF3AB}.Debug|Any CPU.ActiveCfg = Debug|Any CPU
		{66D221CC-CE75-4242-8E0C-227FF49FF3AB}.Debug|Any CPU.Build.0 = Debug|Any CPU
		{66D221CC-CE75-4242-8E0C-227FF49FF3AB}.Release|Any CPU.ActiveCfg = Release|Any CPU
		{66D221CC-CE75-4242-8E0C-227FF49FF3AB}.Release|Any CPU.Build.0 = Release|Any CPU
		{2AD9ECEA-69B0-4F8B-AA02-B4205D1FBC47}.Debug|Any CPU.ActiveCfg = Debug|Any CPU
		{2AD9ECEA-69B0-4F8B-AA02-B4205D1FBC47}.Debug|Any CPU.Build.0 = Debug|Any CPU
		{2AD9ECEA-69B0-4F8B-AA02-B4205D1FBC47}.Release|Any CPU.ActiveCfg = Release|Any CPU
		{2AD9ECEA-69B0-4F8B-AA02-B4205D1FBC47}.Release|Any CPU.Build.0 = Release|Any CPU
		{CE11D149-3940-4E9F-9200-15E6B52DCF14}.Debug|Any CPU.ActiveCfg = Debug|Any CPU
		{CE11D149-3940-4E9F-9200-15E6B52DCF14}.Debug|Any CPU.Build.0 = Debug|Any CPU
		{CE11D149-3940-4E9F-9200-15E6B52DCF14}.Release|Any CPU.ActiveCfg = Release|Any CPU
		{CE11D149-3940-4E9F-9200-15E6B52DCF14}.Release|Any CPU.Build.0 = Release|Any CPU
		{F0F34ABD-FF06-4912-A4F3-57F59E67FA11}.Debug|Any CPU.ActiveCfg = Debug|Any CPU
		{F0F34ABD-FF06-4912-A4F3-57F59E67FA11}.Debug|Any CPU.Build.0 = Debug|Any CPU
		{F0F34ABD-FF06-4912-A4F3-57F59E67FA11}.Release|Any CPU.ActiveCfg = Release|Any CPU
		{F0F34ABD-FF06-4912-A4F3-57F59E67FA11}.Release|Any CPU.Build.0 = Release|Any CPU
		{6AB7BEA3-6C09-4147-AD33-E8E46DE809F6}.Debug|Any CPU.ActiveCfg = Debug|Any CPU
		{6AB7BEA3-6C09-4147-AD33-E8E46DE809F6}.Debug|Any CPU.Build.0 = Debug|Any CPU
		{6AB7BEA3-6C09-4147-AD33-E8E46DE809F6}.Release|Any CPU.ActiveCfg = Release|Any CPU
		{6AB7BEA3-6C09-4147-AD33-E8E46DE809F6}.Release|Any CPU.Build.0 = Release|Any CPU
		{DDAF3C89-78BA-4477-AA59-BBC83BB9B5F4}.Debug|Any CPU.ActiveCfg = Debug|Any CPU
		{DDAF3C89-78BA-4477-AA59-BBC83BB9B5F4}.Debug|Any CPU.Build.0 = Debug|Any CPU
		{DDAF3C89-78BA-4477-AA59-BBC83BB9B5F4}.Release|Any CPU.ActiveCfg = Release|Any CPU
		{DDAF3C89-78BA-4477-AA59-BBC83BB9B5F4}.Release|Any CPU.Build.0 = Release|Any CPU
	EndGlobalSection
	GlobalSection(SolutionProperties) = preSolution
		HideSolutionNode = FALSE
	EndGlobalSection
	GlobalSection(NestedProjects) = preSolution
		{8DE08F29-693D-4545-95CD-A2B9E0F41227} = {2AECF2EE-7EF3-4188-BECD-D21C53F67C97}
		{B284EB77-859C-4339-9635-F64F183C1144} = {2AECF2EE-7EF3-4188-BECD-D21C53F67C97}
		{50D51853-6A5B-4AD4-8FA7-671D5772CDC3} = {2AECF2EE-7EF3-4188-BECD-D21C53F67C97}
		{7BA77D4A-B4DD-42D8-9EF7-95BAD234AC51} = {2AECF2EE-7EF3-4188-BECD-D21C53F67C97}
		{24895307-BD9E-4E72-B29D-54DE05EEC120} = {8DE08F29-693D-4545-95CD-A2B9E0F41227}
		{F96363C6-C5C1-4EE2-821B-665FC6F4E709} = {8DE08F29-693D-4545-95CD-A2B9E0F41227}
		{D461C9A5-A610-49F8-B057-5188DBE10D48} = {8DE08F29-693D-4545-95CD-A2B9E0F41227}
		{EC8B35D1-E88D-4561-A7C8-1BB61E1E6B25} = {B284EB77-859C-4339-9635-F64F183C1144}
		{5685827B-DDA9-4FCF-8524-E90F67929DA5} = {50D51853-6A5B-4AD4-8FA7-671D5772CDC3}
		{DF44CA37-AA99-4E9D-A86E-9BCD14060E21} = {F96363C6-C5C1-4EE2-821B-665FC6F4E709}
		{648F2E47-4B0D-4391-9E50-B0A1035D525D} = {F96363C6-C5C1-4EE2-821B-665FC6F4E709}
		{66D221CC-CE75-4242-8E0C-227FF49FF3AB} = {D461C9A5-A610-49F8-B057-5188DBE10D48}
		{2AD9ECEA-69B0-4F8B-AA02-B4205D1FBC47} = {24895307-BD9E-4E72-B29D-54DE05EEC120}
		{CE11D149-3940-4E9F-9200-15E6B52DCF14} = {7BA77D4A-B4DD-42D8-9EF7-95BAD234AC51}
		{F0F34ABD-FF06-4912-A4F3-57F59E67FA11} = {EC8B35D1-E88D-4561-A7C8-1BB61E1E6B25}
		{6AB7BEA3-6C09-4147-AD33-E8E46DE809F6} = {7BA77D4A-B4DD-42D8-9EF7-95BAD234AC51}
		{DDAF3C89-78BA-4477-AA59-BBC83BB9B5F4} = {7BA77D4A-B4DD-42D8-9EF7-95BAD234AC51}
	EndGlobalSection
	GlobalSection(ExtensibilityGlobals) = postSolution
		SolutionGuid = {586C1135-EDB4-45D4-966A-D1092EDBED57}
	EndGlobalSection
EndGlobal
